# THIS IS AN AUTOGENERATED FILE. DO NOT EDIT THIS FILE DIRECTLY.
# yarn lockfile v1


nord-highlightjs@^0.1.0:
  version "0.1.0"
  resolved "https://registry.yarnpkg.com/nord-highlightjs/-/nord-highlightjs-0.1.0.tgz#f62c1442e249fc888e5dd9cdd1b98ee7ec7200a8"
  integrity sha512-1fcQsaEOjGq3XwTD3izRCxYHFnJQAMrQZ18zlWmJxCd4wOJ7/hnoZtCw9qTsRnRjSsUwkPsCGtJXTB+7bEVMJw==
